
Microsoft Visual Studio Solution File, Format Version 12.00
# Visual Studio Version 16
VisualStudioVersion = 16.0.30002.166
MinimumVisualStudioVersion = 10.0.40219.1
Project("{FAE04EC0-301F-11D3-BF4B-00C04F79EFBC}") = "WpfShapes", "WpfShapes\WpfShapes.csproj", "{8E86DAFA-0F74-4447-972B-862D16175EAD}"
EndProject
Project("{FAE04EC0-301F-11D3-BF4B-00C04F79EFBC}") = "WpfShapesDemo", "WpfShapesDemo\WpfShapesDemo.csproj", "{24FC11BC-D244-469E-945B-FC31057CFBCA}"
EndProject
Global
	GlobalSection(SolutionConfigurationPlatforms) = preSolution
		Debug|Any CPU = Debug|Any CPU
		Release|Any CPU = Release|Any CPU
	EndGlobalSection
	GlobalSection(ProjectConfigurationPlatforms) = postSolution
		{8E86DAFA-0F74-4447-972B-862D16175EAD}.Debug|Any CPU.ActiveCfg = Debug|Any CPU
		{8E86DAFA-0F74-4447-972B-862D16175EAD}.Debug|Any CPU.Build.0 = Debug|Any CPU
		{8E86DAFA-0F74-4447-972B-862D16175EAD}.Release|Any CPU.ActiveCfg = Release|Any CPU
		{8E86DAFA-0F74-4447-972B-862D16175EAD}.Release|Any CPU.Build.0 = Release|Any CPU
		{24FC11BC-D244-469E-945B-FC31057CFBCA}.Debug|Any CPU.ActiveCfg = Debug|Any CPU
		{24FC11BC-D244-469E-945B-FC31057CFBCA}.Debug|Any CPU.Build.0 = Debug|Any CPU
		{24FC11BC-D244-469E-945B-FC31057CFBCA}.Release|Any CPU.ActiveCfg = Release|Any CPU
		{24FC11BC-D244-469E-945B-FC31057CFBCA}.Release|Any CPU.Build.0 = Release|Any CPU
	EndGlobalSection
	GlobalSection(SolutionProperties) = preSolution
		HideSolutionNode = FALSE
	EndGlobalSection
	GlobalSection(ExtensibilityGlobals) = postSolution
		SolutionGuid = {812A8577-6B86-4CCB-9DA2-366C0BBC1438}
	EndGlobalSection
EndGlobal
